
Microsoft Visual Studio Solution File, Format Version 12.00
# Visual Studio 15
VisualStudioVersion = 15.0.26730.3
MinimumVisualStudioVersion = 10.0.40219.1
Project("{FAE04EC0-301F-11D3-BF4B-00C04F79EFBC}") = "Cop12_BaiTapLanThu5", "Cop12_BaiTapLanThu5\Cop12_BaiTapLanThu5.csproj", "{492F1901-94A6-4BA2-BFF8-ACE6E5827721}"
EndProject
Global
	GlobalSection(SolutionConfigurationPlatforms) = preSolution
		Debug|Any CPU = Debug|Any CPU
		Release|Any CPU = Release|Any CPU
	EndGlobalSection
	GlobalSection(ProjectConfigurationPlatforms) = postSolution
		{492F1901-94A6-4BA2-BFF8-ACE6E5827721}.Debug|Any CPU.ActiveCfg = Debug|Any CPU
		{492F1901-94A6-4BA2-BFF8-ACE6E5827721}.Debug|Any CPU.Build.0 = Debug|Any CPU
		{492F1901-94A6-4BA2-BFF8-ACE6E5827721}.Release|Any CPU.ActiveCfg = Release|Any CPU
		{492F1901-94A6-4BA2-BFF8-ACE6E5827721}.Release|Any CPU.Build.0 = Release|Any CPU
	EndGlobalSection
	GlobalSection(SolutionProperties) = preSolution
		HideSolutionNode = FALSE
	EndGlobalSection
	GlobalSection(ExtensibilityGlobals) = postSolution
		SolutionGuid = {EF5F3553-1B22-4ED6-B8E0-D3A3545C2C4D}
	EndGlobalSection
EndGlobal
